
Microsoft Visual Studio Solution File, Format Version 12.00
# Visual Studio Version 17
VisualStudioVersion = 17.7.34221.43
MinimumVisualStudioVersion = 10.0.40219.1
Project("{FAE04EC0-301F-11D3-BF4B-00C04F79EFBC}") = "AgentToCall", "AgentToCall\AgentToCall.csproj", "{02C2296B-6B69-435E-8A4B-93636E8308D0}"
EndProject
Project("{FAE04EC0-301F-11D3-BF4B-00C04F79EFBC}") = "NotifyWindow", "NotifyWindow\NotifyWindow.csproj", "{32C15648-BDB0-4FE8-AEFB-662BF1FF5725}"
EndProject
Global
	GlobalSection(SolutionConfigurationPlatforms) = preSolution
		Debug|Any CPU = Debug|Any CPU
		Release|Any CPU = Release|Any CPU
	EndGlobalSection
	GlobalSection(ProjectConfigurationPlatforms) = postSolution
		{02C2296B-6B69-435E-8A4B-93636E8308D0}.Debug|Any CPU.ActiveCfg = Debug|Any CPU
		{02C2296B-6B69-435E-8A4B-93636E8308D0}.Debug|Any CPU.Build.0 = Debug|Any CPU
		{02C2296B-6B69-435E-8A4B-93636E8308D0}.Release|Any CPU.ActiveCfg = Release|Any CPU
		{02C2296B-6B69-435E-8A4B-93636E8308D0}.Release|Any CPU.Build.0 = Release|Any CPU
		{32C15648-BDB0-4FE8-AEFB-662BF1FF5725}.Debug|Any CPU.ActiveCfg = Debug|Any CPU
		{32C15648-BDB0-4FE8-AEFB-662BF1FF5725}.Debug|Any CPU.Build.0 = Debug|Any CPU
		{32C15648-BDB0-4FE8-AEFB-662BF1FF5725}.Release|Any CPU.ActiveCfg = Release|Any CPU
		{32C15648-BDB0-4FE8-AEFB-662BF1FF5725}.Release|Any CPU.Build.0 = Release|Any CPU
	EndGlobalSection
	GlobalSection(SolutionProperties) = preSolution
		HideSolutionNode = FALSE
	EndGlobalSection
	GlobalSection(ExtensibilityGlobals) = postSolution
		SolutionGuid = {94E55123-230B-467D-B9BF-5C3D4872B409}
	EndGlobalSection
EndGlobal
